
Microsoft Visual Studio Solution File, Format Version 12.00
# Visual Studio 15
VisualStudioVersion = 15.0.26730.12
MinimumVisualStudioVersion = 10.0.40219.1
Project("{FAE04EC0-301F-11D3-BF4B-00C04F79EFBC}") = "Editor 2", "Editor 2\Editor 2.csproj", "{D211825D-3631-40B0-A577-A88C22D2A08F}"
EndProject
Global
	GlobalSection(SolutionConfigurationPlatforms) = preSolution
		Debug|Any CPU = Debug|Any CPU
		Release|Any CPU = Release|Any CPU
	EndGlobalSection
	GlobalSection(ProjectConfigurationPlatforms) = postSolution
		{D211825D-3631-40B0-A577-A88C22D2A08F}.Debug|Any CPU.ActiveCfg = Debug|Any CPU
		{D211825D-3631-40B0-A577-A88C22D2A08F}.Debug|Any CPU.Build.0 = Debug|Any CPU
		{D211825D-3631-40B0-A577-A88C22D2A08F}.Release|Any CPU.ActiveCfg = Release|Any CPU
		{D211825D-3631-40B0-A577-A88C22D2A08F}.Release|Any CPU.Build.0 = Release|Any CPU
	EndGlobalSection
	GlobalSection(SolutionProperties) = preSolution
		HideSolutionNode = FALSE
	EndGlobalSection
	GlobalSection(ExtensibilityGlobals) = postSolution
		SolutionGuid = {0589460B-D302-47B7-AD2C-3CE5747D8F4B}
	EndGlobalSection
EndGlobal
